// !$*UTF8*$!
{
	archiveVersion = 1;
	classes = {
	};
	objectVersion = 56;
	objects = {

/* Begin PBXBuildFile section */
		8901C58F2A6C0D6C00429682 /* ApiResponse.swift in Sources */ = {isa = PBXBuildFile; fileRef = 8901C58E2A6C0D6C00429682 /* ApiResponse.swift */; };
		8904D5712A6877C600BF8625 /* String+Extention.swift in Sources */ = {isa = PBXBuildFile; fileRef = 8904D5702A6877C600BF8625 /* String+Extention.swift */; };
		8904D5742A687FAD00BF8625 /* CardView.swift in Sources */ = {isa = PBXBuildFile; fileRef = 8904D5732A687FAD00BF8625 /* CardView.swift */; };
		891671402A6C473F001167AD /* AllDishes.swift in Sources */ = {isa = PBXBuildFile; fileRef = 8916713F2A6C473F001167AD /* AllDishes.swift */; };
		8929021F2A66E52400EB8333 /* AppDelegate.swift in Sources */ = {isa = PBXBuildFile; fileRef = 8929021E2A66E52400EB8333 /* AppDelegate.swift */; };
		892902212A66E52400EB8333 /* SceneDelegate.swift in Sources */ = {isa = PBXBuildFile; fileRef = 892902202A66E52400EB8333 /* SceneDelegate.swift */; };
		892902262A66E52400EB8333 /* Main.storyboard in Resources */ = {isa = PBXBuildFile; fileRef = 892902242A66E52400EB8333 /* Main.storyboard */; };
		892902292A66E52400EB8333 /* Yum_Yum__.xcdatamodeld in Sources */ = {isa = PBXBuildFile; fileRef = 892902272A66E52400EB8333 /* Yum_Yum__.xcdatamodeld */; };
		8929022B2A66E52600EB8333 /* Assets.xcassets in Resources */ = {isa = PBXBuildFile; fileRef = 8929022A2A66E52600EB8333 /* Assets.xcassets */; };
		8929022E2A66E52600EB8333 /* LaunchScreen.storyboard in Resources */ = {isa = PBXBuildFile; fileRef = 8929022C2A66E52600EB8333 /* LaunchScreen.storyboard */; };
		8929023A2A66EAFB00EB8333 /* OnBoardingViewController.swift in Sources */ = {isa = PBXBuildFile; fileRef = 892902392A66EAFB00EB8333 /* OnBoardingViewController.swift */; };
		8929023D2A66ED6800EB8333 /* UIView+Extention.swift in Sources */ = {isa = PBXBuildFile; fileRef = 8929023C2A66ED6800EB8333 /* UIView+Extention.swift */; };
		8929023F2A66EE8000EB8333 /* OnBoardingSlide.swift in Sources */ = {isa = PBXBuildFile; fileRef = 8929023E2A66EE8000EB8333 /* OnBoardingSlide.swift */; };
		892902412A66F09A00EB8333 /* OnBoardingCollectionViewCell.swift in Sources */ = {isa = PBXBuildFile; fileRef = 892902402A66F09A00EB8333 /* OnBoardingCollectionViewCell.swift */; };
		893FA6FE2A6A73D100CBA671 /* DishListTableViewCell.swift in Sources */ = {isa = PBXBuildFile; fileRef = 893FA6FC2A6A73D100CBA671 /* DishListTableViewCell.swift */; };
		893FA6FF2A6A73D100CBA671 /* DishListTableViewCell.xib in Resources */ = {isa = PBXBuildFile; fileRef = 893FA6FD2A6A73D100CBA671 /* DishListTableViewCell.xib */; };
		8941C1342A6AA5AD00691228 /* ListDishesViewController.swift in Sources */ = {isa = PBXBuildFile; fileRef = 8941C1332A6AA5AD00691228 /* ListDishesViewController.swift */; };
		8941C1372A6AAD5E00691228 /* ListOrdersViewController.swift in Sources */ = {isa = PBXBuildFile; fileRef = 8941C1362A6AAD5E00691228 /* ListOrdersViewController.swift */; };
		8941C13A2A6AAF0400691228 /* Order.swift in Sources */ = {isa = PBXBuildFile; fileRef = 8941C1392A6AAF0400691228 /* Order.swift */; };
		8943E8082A69726600C1EDAD /* DishPortraitCollectionViewCell.swift in Sources */ = {isa = PBXBuildFile; fileRef = 8943E8062A69726600C1EDAD /* DishPortraitCollectionViewCell.swift */; };
		8943E8092A69726600C1EDAD /* DishPortraitCollectionViewCell.xib in Resources */ = {isa = PBXBuildFile; fileRef = 8943E8072A69726600C1EDAD /* DishPortraitCollectionViewCell.xib */; };
		894CB48E2A686246003BF36B /* CategoryCollectionViewCell.swift in Sources */ = {isa = PBXBuildFile; fileRef = 894CB48C2A686246003BF36B /* CategoryCollectionViewCell.swift */; };
		894CB48F2A686246003BF36B /* CategoryCollectionViewCell.xib in Resources */ = {isa = PBXBuildFile; fileRef = 894CB48D2A686246003BF36B /* CategoryCollectionViewCell.xib */; };
		894CB4912A6863EB003BF36B /* DishCategory.swift in Sources */ = {isa = PBXBuildFile; fileRef = 894CB4902A6863EB003BF36B /* DishCategory.swift */; };
		898A85852A671A2A001C8D5C /* HomeViewController.swift in Sources */ = {isa = PBXBuildFile; fileRef = 898A85842A671A2A001C8D5C /* HomeViewController.swift */; };
		899DE14A2A6ACB7100E2971B /* NetworkService.swift in Sources */ = {isa = PBXBuildFile; fileRef = 899DE1492A6ACB7100E2971B /* NetworkService.swift */; };
		899DE14C2A6ACC6F00E2971B /* Route.swift in Sources */ = {isa = PBXBuildFile; fileRef = 899DE14B2A6ACC6F00E2971B /* Route.swift */; };
		899DE14E2A6ACDB600E2971B /* Method.swift in Sources */ = {isa = PBXBuildFile; fileRef = 899DE14D2A6ACDB600E2971B /* Method.swift */; };
		89C922572A6BD648003924DC /* AppError.swift in Sources */ = {isa = PBXBuildFile; fileRef = 89C922562A6BD648003924DC /* AppError.swift */; };
		89F2EDF22A698DF200065EF4 /* Dish.swift in Sources */ = {isa = PBXBuildFile; fileRef = 89F2EDF12A698DF200065EF4 /* Dish.swift */; };
		89F2EDF62A69A61C00065EF4 /* DishLandscapeCollectionViewCell.swift in Sources */ = {isa = PBXBuildFile; fileRef = 89F2EDF42A69A61C00065EF4 /* DishLandscapeCollectionViewCell.swift */; };
		89F2EDF72A69A61C00065EF4 /* DishLandscapeCollectionViewCell.xib in Resources */ = {isa = PBXBuildFile; fileRef = 89F2EDF52A69A61C00065EF4 /* DishLandscapeCollectionViewCell.xib */; };
		89F2EDFA2A69B8ED00065EF4 /* DishDetailViewController.swift in Sources */ = {isa = PBXBuildFile; fileRef = 89F2EDF92A69B8ED00065EF4 /* DishDetailViewController.swift */; };
		89F2EDFC2A69BB6500065EF4 /* UIViewController+Extension.swift in Sources */ = {isa = PBXBuildFile; fileRef = 89F2EDFB2A69BB6500065EF4 /* UIViewController+Extension.swift */; };
		B342E9C2ABE51A5E4170A7F1 /* Pods_Yum_Yum__.framework in Frameworks */ = {isa = PBXBuildFile; fileRef = 7FB6D1C9AF058CA58DCD05D2 /* Pods_Yum_Yum__.framework */; };
/* End PBXBuildFile section */

/* Begin PBXFileReference section */
		060CC9B3680ADDDBA8099BCE /* Pods-Yum Yum !.debug.xcconfig */ = {isa = PBXFileReference; includeInIndex = 1; lastKnownFileType = text.xcconfig; name = "Pods-Yum Yum !.debug.xcconfig"; path = "Target Support Files/Pods-Yum Yum !/Pods-Yum Yum !.debug.xcconfig"; sourceTree = "<group>"; };
		7FB6D1C9AF058CA58DCD05D2 /* Pods_Yum_Yum__.framework */ = {isa = PBXFileReference; explicitFileType = wrapper.framework; includeInIndex = 0; path = Pods_Yum_Yum__.framework; sourceTree = BUILT_PRODUCTS_DIR; };
		8901C58E2A6C0D6C00429682 /* ApiResponse.swift */ = {isa = PBXFileReference; lastKnownFileType = sourcecode.swift; path = ApiResponse.swift; sourceTree = "<group>"; };
		8904D5702A6877C600BF8625 /* String+Extention.swift */ = {isa = PBXFileReference; lastKnownFileType = sourcecode.swift; path = "String+Extention.swift"; sourceTree = "<group>"; };
		8904D5732A687FAD00BF8625 /* CardView.swift */ = {isa = PBXFileReference; lastKnownFileType = sourcecode.swift; path = CardView.swift; sourceTree = "<group>"; };
		8916713F2A6C473F001167AD /* AllDishes.swift */ = {isa = PBXFileReference; lastKnownFileType = sourcecode.swift; path = AllDishes.swift; sourceTree = "<group>"; };
		8929021B2A66E52400EB8333 /* Yum Yum !.app */ = {isa = PBXFileReference; explicitFileType = wrapper.application; includeInIndex = 0; path = "Yum Yum !.app"; sourceTree = BUILT_PRODUCTS_DIR; };
		8929021E2A66E52400EB8333 /* AppDelegate.swift */ = {isa = PBXFileReference; lastKnownFileType = sourcecode.swift; path = AppDelegate.swift; sourceTree = "<group>"; };
		892902202A66E52400EB8333 /* SceneDelegate.swift */ = {isa = PBXFileReference; lastKnownFileType = sourcecode.swift; path = SceneDelegate.swift; sourceTree = "<group>"; };
		892902252A66E52400EB8333 /* Base */ = {isa = PBXFileReference; lastKnownFileType = file.storyboard; name = Base; path = Base.lproj/Main.storyboard; sourceTree = "<group>"; };
		892902282A66E52400EB8333 /* Yum_Yum__.xcdatamodel */ = {isa = PBXFileReference; lastKnownFileType = wrapper.xcdatamodel; path = Yum_Yum__.xcdatamodel; sourceTree = "<group>"; };
		8929022A2A66E52600EB8333 /* Assets.xcassets */ = {isa = PBXFileReference; lastKnownFileType = folder.assetcatalog; path = Assets.xcassets; sourceTree = "<group>"; };
		8929022D2A66E52600EB8333 /* Base */ = {isa = PBXFileReference; lastKnownFileType = file.storyboard; name = Base; path = Base.lproj/LaunchScreen.storyboard; sourceTree = "<group>"; };
		8929022F2A66E52600EB8333 /* Info.plist */ = {isa = PBXFileReference; lastKnownFileType = text.plist.xml; path = Info.plist; sourceTree = "<group>"; };
		892902392A66EAFB00EB8333 /* OnBoardingViewController.swift */ = {isa = PBXFileReference; lastKnownFileType = sourcecode.swift; path = OnBoardingViewController.swift; sourceTree = "<group>"; };
		8929023C2A66ED6800EB8333 /* UIView+Extention.swift */ = {isa = PBXFileReference; lastKnownFileType = sourcecode.swift; path = "UIView+Extention.swift"; sourceTree = "<group>"; };
		8929023E2A66EE8000EB8333 /* OnBoardingSlide.swift */ = {isa = PBXFileReference; lastKnownFileType = sourcecode.swift; path = OnBoardingSlide.swift; sourceTree = "<group>"; };
		892902402A66F09A00EB8333 /* OnBoardingCollectionViewCell.swift */ = {isa = PBXFileReference; lastKnownFileType = sourcecode.swift; path = OnBoardingCollectionViewCell.swift; sourceTree = "<group>"; };
		893FA6FC2A6A73D100CBA671 /* DishListTableViewCell.swift */ = {isa = PBXFileReference; lastKnownFileType = sourcecode.swift; path = DishListTableViewCell.swift; sourceTree = "<group>"; };
		893FA6FD2A6A73D100CBA671 /* DishListTableViewCell.xib */ = {isa = PBXFileReference; lastKnownFileType = file.xib; path = DishListTableViewCell.xib; sourceTree = "<group>"; };
		8941C1332A6AA5AD00691228 /* ListDishesViewController.swift */ = {isa = PBXFileReference; lastKnownFileType = sourcecode.swift; path = ListDishesViewController.swift; sourceTree = "<group>"; };
		8941C1362A6AAD5E00691228 /* ListOrdersViewController.swift */ = {isa = PBXFileReference; lastKnownFileType = sourcecode.swift; path = ListOrdersViewController.swift; sourceTree = "<group>"; };
		8941C1392A6AAF0400691228 /* Order.swift */ = {isa = PBXFileReference; lastKnownFileType = sourcecode.swift; path = Order.swift; sourceTree = "<group>"; };
		8943E8062A69726600C1EDAD /* DishPortraitCollectionViewCell.swift */ = {isa = PBXFileReference; lastKnownFileType = sourcecode.swift; path = DishPortraitCollectionViewCell.swift; sourceTree = "<group>"; };
		8943E8072A69726600C1EDAD /* DishPortraitCollectionViewCell.xib */ = {isa = PBXFileReference; lastKnownFileType = file.xib; path = DishPortraitCollectionViewCell.xib; sourceTree = "<group>"; };
		894CB48C2A686246003BF36B /* CategoryCollectionViewCell.swift */ = {isa = PBXFileReference; lastKnownFileType = sourcecode.swift; path = CategoryCollectionViewCell.swift; sourceTree = "<group>"; };
		894CB48D2A686246003BF36B /* CategoryCollectionViewCell.xib */ = {isa = PBXFileReference; lastKnownFileType = file.xib; path = CategoryCollectionViewCell.xib; sourceTree = "<group>"; };
		894CB4902A6863EB003BF36B /* DishCategory.swift */ = {isa = PBXFileReference; lastKnownFileType = sourcecode.swift; path = DishCategory.swift; sourceTree = "<group>"; };
		898A85842A671A2A001C8D5C /* HomeViewController.swift */ = {isa = PBXFileReference; lastKnownFileType = sourcecode.swift; path = HomeViewController.swift; sourceTree = "<group>"; };
		899DE1492A6ACB7100E2971B /* NetworkService.swift */ = {isa = PBXFileReference; lastKnownFileType = sourcecode.swift; path = NetworkService.swift; sourceTree = "<group>"; };
		899DE14B2A6ACC6F00E2971B /* Route.swift */ = {isa = PBXFileReference; lastKnownFileType = sourcecode.swift; path = Route.swift; sourceTree = "<group>"; };
		899DE14D2A6ACDB600E2971B /* Method.swift */ = {isa = PBXFileReference; lastKnownFileType = sourcecode.swift; path = Method.swift; sourceTree = "<group>"; };
		89C922562A6BD648003924DC /* AppError.swift */ = {isa = PBXFileReference; lastKnownFileType = sourcecode.swift; path = AppError.swift; sourceTree = "<group>"; };
		89F2EDF12A698DF200065EF4 /* Dish.swift */ = {isa = PBXFileReference; lastKnownFileType = sourcecode.swift; path = Dish.swift; sourceTree = "<group>"; };
		89F2EDF42A69A61C00065EF4 /* DishLandscapeCollectionViewCell.swift */ = {isa = PBXFileReference; lastKnownFileType = sourcecode.swift; path = DishLandscapeCollectionViewCell.swift; sourceTree = "<group>"; };
		89F2EDF52A69A61C00065EF4 /* DishLandscapeCollectionViewCell.xib */ = {isa = PBXFileReference; lastKnownFileType = file.xib; path = DishLandscapeCollectionViewCell.xib; sourceTree = "<group>"; };
		89F2EDF92A69B8ED00065EF4 /* DishDetailViewController.swift */ = {isa = PBXFileReference; lastKnownFileType = sourcecode.swift; path = DishDetailViewController.swift; sourceTree = "<group>"; };
		89F2EDFB2A69BB6500065EF4 /* UIViewController+Extension.swift */ = {isa = PBXFileReference; lastKnownFileType = sourcecode.swift; path = "UIViewController+Extension.swift"; sourceTree = "<group>"; };
		F7714EA61BD3CAAF184D0B5B /* Pods-Yum Yum !.release.xcconfig */ = {isa = PBXFileReference; includeInIndex = 1; lastKnownFileType = text.xcconfig; name = "Pods-Yum Yum !.release.xcconfig"; path = "Target Support Files/Pods-Yum Yum !/Pods-Yum Yum !.release.xcconfig"; sourceTree = "<group>"; };
/* End PBXFileReference section */

/* Begin PBXFrameworksBuildPhase section */
		892902182A66E52400EB8333 /* Frameworks */ = {
			isa = PBXFrameworksBuildPhase;
			buildActionMask = 2147483647;
			files = (
				B342E9C2ABE51A5E4170A7F1 /* Pods_Yum_Yum__.framework in Frameworks */,
			);
			runOnlyForDeploymentPostprocessing = 0;
		};
/* End PBXFrameworksBuildPhase section */

/* Begin PBXGroup section */
		37A81C8ED15AB0C2DB551D5F /* Frameworks */ = {
			isa = PBXGroup;
			children = (
				7FB6D1C9AF058CA58DCD05D2 /* Pods_Yum_Yum__.framework */,
			);
			name = Frameworks;
			sourceTree = "<group>";
		};
		438DD2BD4931FFEDE2CEF537 /* Pods */ = {
			isa = PBXGroup;
			children = (
				060CC9B3680ADDDBA8099BCE /* Pods-Yum Yum !.debug.xcconfig */,
				F7714EA61BD3CAAF184D0B5B /* Pods-Yum Yum !.release.xcconfig */,
			);
			path = Pods;
			sourceTree = "<group>";
		};
		8904D5722A687F8A00BF8625 /* CardView */ = {
			isa = PBXGroup;
			children = (
				8904D5732A687FAD00BF8625 /* CardView.swift */,
			);
			path = CardView;
			sourceTree = "<group>";
		};
		892902122A66E52400EB8333 = {
			isa = PBXGroup;
			children = (
				8929021D2A66E52400EB8333 /* Yum Yum ! */,
				8929021C2A66E52400EB8333 /* Products */,
				438DD2BD4931FFEDE2CEF537 /* Pods */,
				37A81C8ED15AB0C2DB551D5F /* Frameworks */,
			);
			sourceTree = "<group>";
		};
		8929021C2A66E52400EB8333 /* Products */ = {
			isa = PBXGroup;
			children = (
				8929021B2A66E52400EB8333 /* Yum Yum !.app */,
			);
			name = Products;
			sourceTree = "<group>";
		};
		8929021D2A66E52400EB8333 /* Yum Yum ! */ = {
			isa = PBXGroup;
			children = (
				899DE1482A6ACB5600E2971B /* Networking */,
				8929023B2A66ED3100EB8333 /* Extentions */,
				892902372A66EAC000EB8333 /* CustomViews */,
				892902362A66EAB300EB8333 /* Views */,
				892902352A66EAA900EB8333 /* Models */,
				8929021E2A66E52400EB8333 /* AppDelegate.swift */,
				892902202A66E52400EB8333 /* SceneDelegate.swift */,
				892902242A66E52400EB8333 /* Main.storyboard */,
				8929022A2A66E52600EB8333 /* Assets.xcassets */,
				8929022C2A66E52600EB8333 /* LaunchScreen.storyboard */,
				8929022F2A66E52600EB8333 /* Info.plist */,
				892902272A66E52400EB8333 /* Yum_Yum__.xcdatamodeld */,
			);
			path = "Yum Yum !";
			sourceTree = "<group>";
		};
		892902352A66EAA900EB8333 /* Models */ = {
			isa = PBXGroup;
			children = (
				8929023E2A66EE8000EB8333 /* OnBoardingSlide.swift */,
				894CB4902A6863EB003BF36B /* DishCategory.swift */,
				89F2EDF12A698DF200065EF4 /* Dish.swift */,
				8941C1392A6AAF0400691228 /* Order.swift */,
				8916713F2A6C473F001167AD /* AllDishes.swift */,
			);
			path = Models;
			sourceTree = "<group>";
		};
		892902362A66EAB300EB8333 /* Views */ = {
			isa = PBXGroup;
			children = (
				8941C1352A6AAD4D00691228 /* ListOrders */,
				8941C1322A6AA50800691228 /* ListDishes */,
				89F2EDF82A69B8CA00065EF4 /* DishDetail */,
				898A85832A671A11001C8D5C /* Home */,
				892902382A66EAD200EB8333 /* OnBoarding */,
			);
			path = Views;
			sourceTree = "<group>";
		};
		892902372A66EAC000EB8333 /* CustomViews */ = {
			isa = PBXGroup;
			children = (
				893FA6FA2A6A737500CBA671 /* TabelViewCell */,
				8904D5722A687F8A00BF8625 /* CardView */,
				894CB48A2A6861F2003BF36B /* CollectionViewCell */,
			);
			path = CustomViews;
			sourceTree = "<group>";
		};
		892902382A66EAD200EB8333 /* OnBoarding */ = {
			isa = PBXGroup;
			children = (
				892902392A66EAFB00EB8333 /* OnBoardingViewController.swift */,
				892902402A66F09A00EB8333 /* OnBoardingCollectionViewCell.swift */,
			);
			path = OnBoarding;
			sourceTree = "<group>";
		};
		8929023B2A66ED3100EB8333 /* Extentions */ = {
			isa = PBXGroup;
			children = (
				8929023C2A66ED6800EB8333 /* UIView+Extention.swift */,
				8904D5702A6877C600BF8625 /* String+Extention.swift */,
				89F2EDFB2A69BB6500065EF4 /* UIViewController+Extension.swift */,
			);
			path = Extentions;
			sourceTree = "<group>";
		};
		893FA6FA2A6A737500CBA671 /* TabelViewCell */ = {
			isa = PBXGroup;
			children = (
				893FA6FB2A6A738700CBA671 /* DishListTabelViewCell */,
			);
			path = TabelViewCell;
			sourceTree = "<group>";
		};
		893FA6FB2A6A738700CBA671 /* DishListTabelViewCell */ = {
			isa = PBXGroup;
			children = (
				893FA6FC2A6A73D100CBA671 /* DishListTableViewCell.swift */,
				893FA6FD2A6A73D100CBA671 /* DishListTableViewCell.xib */,
			);
			path = DishListTabelViewCell;
			sourceTree = "<group>";
		};
		8941C1322A6AA50800691228 /* ListDishes */ = {
			isa = PBXGroup;
			children = (
				8941C1332A6AA5AD00691228 /* ListDishesViewController.swift */,
			);
			path = ListDishes;
			sourceTree = "<group>";
		};
		8941C1352A6AAD4D00691228 /* ListOrders */ = {
			isa = PBXGroup;
			children = (
				8941C1362A6AAD5E00691228 /* ListOrdersViewController.swift */,
			);
			path = ListOrders;
			sourceTree = "<group>";
		};
		8943E8032A6971D900C1EDAD /* DishPortraitCollectionViewCell */ = {
			isa = PBXGroup;
			children = (
				8943E8062A69726600C1EDAD /* DishPortraitCollectionViewCell.swift */,
				8943E8072A69726600C1EDAD /* DishPortraitCollectionViewCell.xib */,
			);
			path = DishPortraitCollectionViewCell;
			sourceTree = "<group>";
		};
		894CB48A2A6861F2003BF36B /* CollectionViewCell */ = {
			isa = PBXGroup;
			children = (
				89F2EDF32A69A5F400065EF4 /* DishLandscapeCollectionViewCell */,
				8943E8032A6971D900C1EDAD /* DishPortraitCollectionViewCell */,
				894CB48B2A686208003BF36B /* CategoryCollectionViewCell */,
			);
			path = CollectionViewCell;
			sourceTree = "<group>";
		};
		894CB48B2A686208003BF36B /* CategoryCollectionViewCell */ = {
			isa = PBXGroup;
			children = (
				894CB48C2A686246003BF36B /* CategoryCollectionViewCell.swift */,
				894CB48D2A686246003BF36B /* CategoryCollectionViewCell.xib */,
			);
			path = CategoryCollectionViewCell;
			sourceTree = "<group>";
		};
		898A85832A671A11001C8D5C /* Home */ = {
			isa = PBXGroup;
			children = (
				898A85842A671A2A001C8D5C /* HomeViewController.swift */,
			);
			path = Home;
			sourceTree = "<group>";
		};
		899DE1482A6ACB5600E2971B /* Networking */ = {
			isa = PBXGroup;
			children = (
				899DE1492A6ACB7100E2971B /* NetworkService.swift */,
				899DE14B2A6ACC6F00E2971B /* Route.swift */,
				899DE14D2A6ACDB600E2971B /* Method.swift */,
				89C922562A6BD648003924DC /* AppError.swift */,
				8901C58E2A6C0D6C00429682 /* ApiResponse.swift */,
			);
			path = Networking;
			sourceTree = "<group>";
		};
		89F2EDF32A69A5F400065EF4 /* DishLandscapeCollectionViewCell */ = {
			isa = PBXGroup;
			children = (
				89F2EDF42A69A61C00065EF4 /* DishLandscapeCollectionViewCell.swift */,
				89F2EDF52A69A61C00065EF4 /* DishLandscapeCollectionViewCell.xib */,
			);
			path = DishLandscapeCollectionViewCell;
			sourceTree = "<group>";
		};
		89F2EDF82A69B8CA00065EF4 /* DishDetail */ = {
			isa = PBXGroup;
			children = (
				89F2EDF92A69B8ED00065EF4 /* DishDetailViewController.swift */,
			);
			path = DishDetail;
			sourceTree = "<group>";
		};
/* End PBXGroup section */

/* Begin PBXNativeTarget section */
		8929021A2A66E52400EB8333 /* Yum Yum ! */ = {
			isa = PBXNativeTarget;
			buildConfigurationList = 892902322A66E52600EB8333 /* Build configuration list for PBXNativeTarget "Yum Yum !" */;
			buildPhases = (
				C0A9530084550CDF13A283A2 /* [CP] Check Pods Manifest.lock */,
				892902172A66E52400EB8333 /* Sources */,
				892902182A66E52400EB8333 /* Frameworks */,
				892902192A66E52400EB8333 /* Resources */,
				1AC20E885EEC60B816EE88D1 /* [CP] Embed Pods Frameworks */,
			);
			buildRules = (
			);
			dependencies = (
			);
			name = "Yum Yum !";
			productName = "Yum Yum !";
			productReference = 8929021B2A66E52400EB8333 /* Yum Yum !.app */;
			productType = "com.apple.product-type.application";
		};
/* End PBXNativeTarget section */

/* Begin PBXProject section */
		892902132A66E52400EB8333 /* Project object */ = {
			isa = PBXProject;
			attributes = {
				BuildIndependentTargetsInParallel = 1;
				LastSwiftUpdateCheck = 1420;
				LastUpgradeCheck = 1420;
				TargetAttributes = {
					8929021A2A66E52400EB8333 = {
						CreatedOnToolsVersion = 14.2;
					};
				};
			};
			buildConfigurationList = 892902162A66E52400EB8333 /* Build configuration list for PBXProject "Yum Yum !" */;
			compatibilityVersion = "Xcode 14.0";
			developmentRegion = en;
			hasScannedForEncodings = 0;
			knownRegions = (
				en,
				Base,
			);
			mainGroup = 892902122A66E52400EB8333;
			productRefGroup = 8929021C2A66E52400EB8333 /* Products */;
			projectDirPath = "";
			projectRoot = "";
			targets = (
				8929021A2A66E52400EB8333 /* Yum Yum ! */,
			);
		};
/* End PBXProject section */

/* Begin PBXResourcesBuildPhase section */
		892902192A66E52400EB8333 /* Resources */ = {
			isa = PBXResourcesBuildPhase;
			buildActionMask = 2147483647;
			files = (
				894CB48F2A686246003BF36B /* CategoryCollectionViewCell.xib in Resources */,
				893FA6FF2A6A73D100CBA671 /* DishListTableViewCell.xib in Resources */,
				8929022E2A66E52600EB8333 /* LaunchScreen.storyboard in Resources */,
				8943E8092A69726600C1EDAD /* DishPortraitCollectionViewCell.xib in Resources */,
				8929022B2A66E52600EB8333 /* Assets.xcassets in Resources */,
				89F2EDF72A69A61C00065EF4 /* DishLandscapeCollectionViewCell.xib in Resources */,
				892902262A66E52400EB8333 /* Main.storyboard in Resources */,
			);
			runOnlyForDeploymentPostprocessing = 0;
		};
/* End PBXResourcesBuildPhase section */

/* Begin PBXShellScriptBuildPhase section */
		1AC20E885EEC60B816EE88D1 /* [CP] Embed Pods Frameworks */ = {
			isa = PBXShellScriptBuildPhase;
			buildActionMask = 2147483647;
			files = (
			);
			inputFileListPaths = (
				"${PODS_ROOT}/Target Support Files/Pods-Yum Yum !/Pods-Yum Yum !-frameworks-${CONFIGURATION}-input-files.xcfilelist",
			);
			name = "[CP] Embed Pods Frameworks";
			outputFileListPaths = (
				"${PODS_ROOT}/Target Support Files/Pods-Yum Yum !/Pods-Yum Yum !-frameworks-${CONFIGURATION}-output-files.xcfilelist",
			);
			runOnlyForDeploymentPostprocessing = 0;
			shellPath = /bin/sh;
			shellScript = "\"${PODS_ROOT}/Target Support Files/Pods-Yum Yum !/Pods-Yum Yum !-frameworks.sh\"\n";
			showEnvVarsInLog = 0;
		};
		C0A9530084550CDF13A283A2 /* [CP] Check Pods Manifest.lock */ = {
			isa = PBXShellScriptBuildPhase;
			buildActionMask = 2147483647;
			files = (
			);
			inputFileListPaths = (
			);
			inputPaths = (
				"${PODS_PODFILE_DIR_PATH}/Podfile.lock",
				"${PODS_ROOT}/Manifest.lock",
			);
			name = "[CP] Check Pods Manifest.lock";
			outputFileListPaths = (
			);
			outputPaths = (
				"$(DERIVED_FILE_DIR)/Pods-Yum Yum !-checkManifestLockResult.txt",
			);
			runOnlyForDeploymentPostprocessing = 0;
			shellPath = /bin/sh;
			shellScript = "diff \"${PODS_PODFILE_DIR_PATH}/Podfile.lock\" \"${PODS_ROOT}/Manifest.lock\" > /dev/null\nif [ $? != 0 ] ; then\n    # print error to STDERR\n    echo \"error: The sandbox is not in sync with the Podfile.lock. Run 'pod install' or update your CocoaPods installation.\" >&2\n    exit 1\nfi\n# This output is used by Xcode 'outputs' to avoid re-running this script phase.\necho \"SUCCESS\" > \"${SCRIPT_OUTPUT_FILE_0}\"\n";
			showEnvVarsInLog = 0;
		};
/* End PBXShellScriptBuildPhase section */

/* Begin PBXSourcesBuildPhase section */
		892902172A66E52400EB8333 /* Sources */ = {
			isa = PBXSourcesBuildPhase;
			buildActionMask = 2147483647;
			files = (
				899DE14A2A6ACB7100E2971B /* NetworkService.swift in Sources */,
				8941C1342A6AA5AD00691228 /* ListDishesViewController.swift in Sources */,
				892902412A66F09A00EB8333 /* OnBoardingCollectionViewCell.swift in Sources */,
				8904D5712A6877C600BF8625 /* String+Extention.swift in Sources */,
				89F2EDF62A69A61C00065EF4 /* DishLandscapeCollectionViewCell.swift in Sources */,
				8901C58F2A6C0D6C00429682 /* ApiResponse.swift in Sources */,
				89F2EDFA2A69B8ED00065EF4 /* DishDetailViewController.swift in Sources */,
				89F2EDFC2A69BB6500065EF4 /* UIViewController+Extension.swift in Sources */,
				8941C13A2A6AAF0400691228 /* Order.swift in Sources */,
				899DE14E2A6ACDB600E2971B /* Method.swift in Sources */,
				893FA6FE2A6A73D100CBA671 /* DishListTableViewCell.swift in Sources */,
				899DE14C2A6ACC6F00E2971B /* Route.swift in Sources */,
				8941C1372A6AAD5E00691228 /* ListOrdersViewController.swift in Sources */,
				894CB4912A6863EB003BF36B /* DishCategory.swift in Sources */,
				891671402A6C473F001167AD /* AllDishes.swift in Sources */,
				892902292A66E52400EB8333 /* Yum_Yum__.xcdatamodeld in Sources */,
				8929021F2A66E52400EB8333 /* AppDelegate.swift in Sources */,
				898A85852A671A2A001C8D5C /* HomeViewController.swift in Sources */,
				8943E8082A69726600C1EDAD /* DishPortraitCollectionViewCell.swift in Sources */,
				89C922572A6BD648003924DC /* AppError.swift in Sources */,
				894CB48E2A686246003BF36B /* CategoryCollectionViewCell.swift in Sources */,
				8929023D2A66ED6800EB8333 /* UIView+Extention.swift in Sources */,
				89F2EDF22A698DF200065EF4 /* Dish.swift in Sources */,
				892902212A66E52400EB8333 /* SceneDelegate.swift in Sources */,
				8929023F2A66EE8000EB8333 /* OnBoardingSlide.swift in Sources */,
				8904D5742A687FAD00BF8625 /* CardView.swift in Sources */,
				8929023A2A66EAFB00EB8333 /* OnBoardingViewController.swift in Sources */,
			);
			runOnlyForDeploymentPostprocessing = 0;
		};
/* End PBXSourcesBuildPhase section */

/* Begin PBXVariantGroup section */
		892902242A66E52400EB8333 /* Main.storyboard */ = {
			isa = PBXVariantGroup;
			children = (
				892902252A66E52400EB8333 /* Base */,
			);
			name = Main.storyboard;
			sourceTree = "<group>";
		};
		8929022C2A66E52600EB8333 /* LaunchScreen.storyboard */ = {
			isa = PBXVariantGroup;
			children = (
				8929022D2A66E52600EB8333 /* Base */,
			);
			name = LaunchScreen.storyboard;
			sourceTree = "<group>";
		};
/* End PBXVariantGroup section */

/* Begin XCBuildConfiguration section */
		892902302A66E52600EB8333 /* Debug */ = {
			isa = XCBuildConfiguration;
			buildSettings = {
				ALWAYS_SEARCH_USER_PATHS = NO;
				CLANG_ANALYZER_NONNULL = YES;
				CLANG_ANALYZER_NUMBER_OBJECT_CONVERSION = YES_AGGRESSIVE;
				CLANG_CXX_LANGUAGE_STANDARD = "gnu++20";
				CLANG_ENABLE_MODULES = YES;
				CLANG_ENABLE_OBJC_ARC = YES;
				CLANG_ENABLE_OBJC_WEAK = YES;
				CLANG_WARN_BLOCK_CAPTURE_AUTORELEASING = YES;
				CLANG_WARN_BOOL_CONVERSION = YES;
				CLANG_WARN_COMMA = YES;
				CLANG_WARN_CONSTANT_CONVERSION = YES;
				CLANG_WARN_DEPRECATED_OBJC_IMPLEMENTATIONS = YES;
				CLANG_WARN_DIRECT_OBJC_ISA_USAGE = YES_ERROR;
				CLANG_WARN_DOCUMENTATION_COMMENTS = YES;
				CLANG_WARN_EMPTY_BODY = YES;
				CLANG_WARN_ENUM_CONVERSION = YES;
				CLANG_WARN_INFINITE_RECURSION = YES;
				CLANG_WARN_INT_CONVERSION = YES;
				CLANG_WARN_NON_LITERAL_NULL_CONVERSION = YES;
				CLANG_WARN_OBJC_IMPLICIT_RETAIN_SELF = YES;
				CLANG_WARN_OBJC_LITERAL_CONVERSION = YES;
				CLANG_WARN_OBJC_ROOT_CLASS = YES_ERROR;
				CLANG_WARN_QUOTED_INCLUDE_IN_FRAMEWORK_HEADER = YES;
				CLANG_WARN_RANGE_LOOP_ANALYSIS = YES;
				CLANG_WARN_STRICT_PROTOTYPES = YES;
				CLANG_WARN_SUSPICIOUS_MOVE = YES;
				CLANG_WARN_UNGUARDED_AVAILABILITY = YES_AGGRESSIVE;
				CLANG_WARN_UNREACHABLE_CODE = YES;
				CLANG_WARN__DUPLICATE_METHOD_MATCH = YES;
				COPY_PHASE_STRIP = NO;
				DEBUG_INFORMATION_FORMAT = dwarf;
				ENABLE_STRICT_OBJC_MSGSEND = YES;
				ENABLE_TESTABILITY = YES;
				GCC_C_LANGUAGE_STANDARD = gnu11;
				GCC_DYNAMIC_NO_PIC = NO;
				GCC_NO_COMMON_BLOCKS = YES;
				GCC_OPTIMIZATION_LEVEL = 0;
				GCC_PREPROCESSOR_DEFINITIONS = (
					"DEBUG=1",
					"$(inherited)",
				);
				GCC_WARN_64_TO_32_BIT_CONVERSION = YES;
				GCC_WARN_ABOUT_RETURN_TYPE = YES_ERROR;
				GCC_WARN_UNDECLARED_SELECTOR = YES;
				GCC_WARN_UNINITIALIZED_AUTOS = YES_AGGRESSIVE;
				GCC_WARN_UNUSED_FUNCTION = YES;
				GCC_WARN_UNUSED_VARIABLE = YES;
				IPHONEOS_DEPLOYMENT_TARGET = 16.2;
				MTL_ENABLE_DEBUG_INFO = INCLUDE_SOURCE;
				MTL_FAST_MATH = YES;
				ONLY_ACTIVE_ARCH = YES;
				SDKROOT = iphoneos;
				SWIFT_ACTIVE_COMPILATION_CONDITIONS = DEBUG;
				SWIFT_OPTIMIZATION_LEVEL = "-Onone";
			};
			name = Debug;
		};
		892902312A66E52600EB8333 /* Release */ = {
			isa = XCBuildConfiguration;
			buildSettings = {
				ALWAYS_SEARCH_USER_PATHS = NO;
				CLANG_ANALYZER_NONNULL = YES;
				CLANG_ANALYZER_NUMBER_OBJECT_CONVERSION = YES_AGGRESSIVE;
				CLANG_CXX_LANGUAGE_STANDARD = "gnu++20";
				CLANG_ENABLE_MODULES = YES;
				CLANG_ENABLE_OBJC_ARC = YES;
				CLANG_ENABLE_OBJC_WEAK = YES;
				CLANG_WARN_BLOCK_CAPTURE_AUTORELEASING = YES;
				CLANG_WARN_BOOL_CONVERSION = YES;
				CLANG_WARN_COMMA = YES;
				CLANG_WARN_CONSTANT_CONVERSION = YES;
				CLANG_WARN_DEPRECATED_OBJC_IMPLEMENTATIONS = YES;
				CLANG_WARN_DIRECT_OBJC_ISA_USAGE = YES_ERROR;
				CLANG_WARN_DOCUMENTATION_COMMENTS = YES;
				CLANG_WARN_EMPTY_BODY = YES;
				CLANG_WARN_ENUM_CONVERSION = YES;
				CLANG_WARN_INFINITE_RECURSION = YES;
				CLANG_WARN_INT_CONVERSION = YES;
				CLANG_WARN_NON_LITERAL_NULL_CONVERSION = YES;
				CLANG_WARN_OBJC_IMPLICIT_RETAIN_SELF = YES;
				CLANG_WARN_OBJC_LITERAL_CONVERSION = YES;
				CLANG_WARN_OBJC_ROOT_CLASS = YES_ERROR;
				CLANG_WARN_QUOTED_INCLUDE_IN_FRAMEWORK_HEADER = YES;
				CLANG_WARN_RANGE_LOOP_ANALYSIS = YES;
				CLANG_WARN_STRICT_PROTOTYPES = YES;
				CLANG_WARN_SUSPICIOUS_MOVE = YES;
				CLANG_WARN_UNGUARDED_AVAILABILITY = YES_AGGRESSIVE;
				CLANG_WARN_UNREACHABLE_CODE = YES;
				CLANG_WARN__DUPLICATE_METHOD_MATCH = YES;
				COPY_PHASE_STRIP = NO;
				DEBUG_INFORMATION_FORMAT = "dwarf-with-dsym";
				ENABLE_NS_ASSERTIONS = NO;
				ENABLE_STRICT_OBJC_MSGSEND = YES;
				GCC_C_LANGUAGE_STANDARD = gnu11;
				GCC_NO_COMMON_BLOCKS = YES;
				GCC_WARN_64_TO_32_BIT_CONVERSION = YES;
				GCC_WARN_ABOUT_RETURN_TYPE = YES_ERROR;
				GCC_WARN_UNDECLARED_SELECTOR = YES;
				GCC_WARN_UNINITIALIZED_AUTOS = YES_AGGRESSIVE;
				GCC_WARN_UNUSED_FUNCTION = YES;
				GCC_WARN_UNUSED_VARIABLE = YES;
				IPHONEOS_DEPLOYMENT_TARGET = 16.2;
				MTL_ENABLE_DEBUG_INFO = NO;
				MTL_FAST_MATH = YES;
				SDKROOT = iphoneos;
				SWIFT_COMPILATION_MODE = wholemodule;
				SWIFT_OPTIMIZATION_LEVEL = "-O";
				VALIDATE_PRODUCT = YES;
			};
			name = Release;
		};
		892902332A66E52600EB8333 /* Debug */ = {
			isa = XCBuildConfiguration;
			baseConfigurationReference = 060CC9B3680ADDDBA8099BCE /* Pods-Yum Yum !.debug.xcconfig */;
			buildSettings = {
				ASSETCATALOG_COMPILER_APPICON_NAME = AppIcon;
				ASSETCATALOG_COMPILER_GLOBAL_ACCENT_COLOR_NAME = AccentColor;
				CODE_SIGN_STYLE = Automatic;
				CURRENT_PROJECT_VERSION = 1;
				GENERATE_INFOPLIST_FILE = YES;
				INFOPLIST_FILE = "Yum Yum !/Info.plist";
				INFOPLIST_KEY_UIApplicationSupportsIndirectInputEvents = YES;
				INFOPLIST_KEY_UILaunchStoryboardName = LaunchScreen;
				INFOPLIST_KEY_UIMainStoryboardFile = Main;
				INFOPLIST_KEY_UISupportedInterfaceOrientations_iPad = "UIInterfaceOrientationPortrait UIInterfaceOrientationPortraitUpsideDown UIInterfaceOrientationLandscapeLeft UIInterfaceOrientationLandscapeRight";
				INFOPLIST_KEY_UISupportedInterfaceOrientations_iPhone = "UIInterfaceOrientationPortrait UIInterfaceOrientationLandscapeLeft UIInterfaceOrientationLandscapeRight";
				LD_RUNPATH_SEARCH_PATHS = (
					"$(inherited)",
					"@executable_path/Frameworks",
				);
				MARKETING_VERSION = 1.0;
				PRODUCT_BUNDLE_IDENTIFIER = "hatem.Yum-Yum--";
				PRODUCT_NAME = "$(TARGET_NAME)";
				SWIFT_EMIT_LOC_STRINGS = YES;
				SWIFT_VERSION = 5.0;
				TARGETED_DEVICE_FAMILY = "1,2";
			};
			name = Debug;
		};
		892902342A66E52600EB8333 /* Release */ = {
			isa = XCBuildConfiguration;
			baseConfigurationReference = F7714EA61BD3CAAF184D0B5B /* Pods-Yum Yum !.release.xcconfig */;
			buildSettings = {
				ASSETCATALOG_COMPILER_APPICON_NAME = AppIcon;
				ASSETCATALOG_COMPILER_GLOBAL_ACCENT_COLOR_NAME = AccentColor;
				CODE_SIGN_STYLE = Automatic;
				CURRENT_PROJECT_VERSION = 1;
				GENERATE_INFOPLIST_FILE = YES;
				INFOPLIST_FILE = "Yum Yum !/Info.plist";
				INFOPLIST_KEY_UIApplicationSupportsIndirectInputEvents = YES;
				INFOPLIST_KEY_UILaunchStoryboardName = LaunchScreen;
				INFOPLIST_KEY_UIMainStoryboardFile = Main;
				INFOPLIST_KEY_UISupportedInterfaceOrientations_iPad = "UIInterfaceOrientationPortrait UIInterfaceOrientationPortraitUpsideDown UIInterfaceOrientationLandscapeLeft UIInterfaceOrientationLandscapeRight";
				INFOPLIST_KEY_UISupportedInterfaceOrientations_iPhone = "UIInterfaceOrientationPortrait UIInterfaceOrientationLandscapeLeft UIInterfaceOrientationLandscapeRight";
				LD_RUNPATH_SEARCH_PATHS = (
					"$(inherited)",
					"@executable_path/Frameworks",
				);
				MARKETING_VERSION = 1.0;
				PRODUCT_BUNDLE_IDENTIFIER = "hatem.Yum-Yum--";
				PRODUCT_NAME = "$(TARGET_NAME)";
				SWIFT_EMIT_LOC_STRINGS = YES;
				SWIFT_VERSION = 5.0;
				TARGETED_DEVICE_FAMILY = "1,2";
			};
			name = Release;
		};
/* End XCBuildConfiguration section */

/* Begin XCConfigurationList section */
		892902162A66E52400EB8333 /* Build configuration list for PBXProject "Yum Yum !" */ = {
			isa = XCConfigurationList;
			buildConfigurations = (
				892902302A66E52600EB8333 /* Debug */,
				892902312A66E52600EB8333 /* Release */,
			);
			defaultConfigurationIsVisible = 0;
			defaultConfigurationName = Release;
		};
		892902322A66E52600EB8333 /* Build configuration list for PBXNativeTarget "Yum Yum !" */ = {
			isa = XCConfigurationList;
			buildConfigurations = (
				892902332A66E52600EB8333 /* Debug */,
				892902342A66E52600EB8333 /* Release */,
			);
			defaultConfigurationIsVisible = 0;
			defaultConfigurationName = Release;
		};
/* End XCConfigurationList section */

/* Begin XCVersionGroup section */
		892902272A66E52400EB8333 /* Yum_Yum__.xcdatamodeld */ = {
			isa = XCVersionGroup;
			children = (
				892902282A66E52400EB8333 /* Yum_Yum__.xcdatamodel */,
			);
			currentVersion = 892902282A66E52400EB8333 /* Yum_Yum__.xcdatamodel */;
			path = Yum_Yum__.xcdatamodeld;
			sourceTree = "<group>";
			versionGroupType = wrapper.xcdatamodel;
		};
/* End XCVersionGroup section */
	};
	rootObject = 892902132A66E52400EB8333 /* Project object */;
}
